dependencies:
- name: builder
  repository: https://charts.teamhephy.com
  version: v2.13.7
- name: slugbuilder
  repository: https://charts.teamhephy.com
  version: v2.8.0
- name: dockerbuilder
  repository: https://charts.teamhephy.com
  version: v2.8.3
- name: controller
  repository: https://charts.teamhephy.com
  version: v2.22.0
- name: slugrunner
  repository: https://charts.teamhephy.com
  version: v2.7.0
- name: database
  repository: https://charts.teamhephy.com
  version: v2.7.6
- name: fluentd
  repository: https://charts.teamhephy.com
  version: v2.15.1
- name: redis
  repository: https://charts.teamhephy.com
  version: v2.4.2
- name: logger
  repository: https://charts.teamhephy.com
  version: v2.5.1
- name: minio
  repository: https://charts.teamhephy.com
  version: v2.4.5
- name: monitor
  repository: https://charts.teamhephy.com
  version: v2.11.2
- name: nsqd
  repository: https://charts.teamhephy.com
  version: v2.5.1
- name: registry
  repository: https://charts.teamhephy.com
  version: v2.6.1
- name: registry-proxy
  repository: https://charts.teamhephy.com
  version: v1.5.1
- name: registry-token-refresher
  repository: https://charts.teamhephy.com
  version: v1.2.2
- name: router
  repository: https://charts.teamhephy.com
  version: v2.19.0
- name: workflow-manager
  repository: https://charts.teamhephy.com
  version: v2.6.2
digest: sha256:dcde7227551d8dc79ca7a312d382a4554f80868a6bedd2236b31eb3126c30a31
generated: "2021-05-08T16:31:28.136987791-04:00"
